
Microsoft Visual Studio Solution File, Format Version 12.00
# Visual Studio Version 17
VisualStudioVersion = 17.9.34723.18
MinimumVisualStudioVersion = 10.0.40219.1
Project("{9A19103F-16F7-4668-BE54-9A1E7A4F7556}") = "Marten", "Marten\Marten.csproj", "{FCCA5D3A-B632-4D81-B839-F6344FDD01F1}"
EndProject
Project("{9A19103F-16F7-4668-BE54-9A1E7A4F7556}") = "Marten.Testing", "Marten.Testing\Marten.Testing.csproj", "{D5E592AD-5368-4E97-A3AC-6729FA43CB51}"
EndProject
Project("{9A19103F-16F7-4668-BE54-9A1E7A4F7556}") = "Marten.Testing.OtherAssembly", "Marten.Testing.OtherAssembly\Marten.Testing.OtherAssembly.csproj", "{B88916DD-8CAF-42F8-BB40-7CE6C4E49491}"
EndProject
Project("{9A19103F-16F7-4668-BE54-9A1E7A4F7556}") = "Marten.NodaTime", "Marten.NodaTime\Marten.NodaTime.csproj", "{7B9552F4-9102-4A89-A150-C2F916CFF11E}"
EndProject
Project("{9A19103F-16F7-4668-BE54-9A1E7A4F7556}") = "Marten.NodaTime.Testing", "Marten.NodaTime.Testing\Marten.NodaTime.Testing.csproj", "{1B5F9030-63ED-49B2-B001-F58E899CCA5F}"
EndProject
Project("{2150E333-8FDC-42A3-9474-1A3956D46DE8}") = "Solution Items", "Solution Items", "{5A91B8F9-52F8-4322-BE34-E3A281902BEC}"
	ProjectSection(SolutionItems) = preProject
		.editorconfig = .editorconfig
		..\Analysis.Build.props = ..\Analysis.Build.props
		..\Directory.Build.props = ..\Directory.Build.props
		..\docker-compose.yml = ..\docker-compose.yml
		..\package.json = ..\package.json
		..\README.md = ..\README.md
		..\.github\workflows\docs-prs.yml = ..\.github\workflows\docs-prs.yml
		..\.github\workflows\docs.yml = ..\.github\workflows\docs.yml
		..\.github\workflows\on-manual-do-nuget-publish.yml = ..\.github\workflows\on-manual-do-nuget-publish.yml
		..\.github\workflows\on-push-do-ci-build-pg12-plv8-jsonnet.yml = ..\.github\workflows\on-push-do-ci-build-pg12-plv8-jsonnet.yml
		..\.github\workflows\on-push-do-ci-build-pg12-plv8-systemtextjson.yml = ..\.github\workflows\on-push-do-ci-build-pg12-plv8-systemtextjson.yml
		..\.github\workflows\on-push-do-ci-build-pg15-jsonnet.yml = ..\.github\workflows\on-push-do-ci-build-pg15-jsonnet.yml
		..\.github\workflows\on-push-do-ci-build-pgLatest-systemtextjson.yml = ..\.github\workflows\on-push-do-ci-build-pgLatest-systemtextjson.yml
	EndProjectSection
EndProject
Project("{9A19103F-16F7-4668-BE54-9A1E7A4F7556}") = "AspNetCoreWithMarten", "AspNetCoreWithMarten\AspNetCoreWithMarten.csproj", "{739B657C-4E0D-40E8-853E-ADF5C2D3D89D}"
EndProject
Project("{9A19103F-16F7-4668-BE54-9A1E7A4F7556}") = "MemoryUsageChecker", "MemoryUsageChecker\MemoryUsageChecker.csproj", "{7825A721-7B23-4007-B6EA-8F6E9590F6FD}"
EndProject
Project("{2150E333-8FDC-42A3-9474-1A3956D46DE8}") = "CommandLine", "CommandLine", "{DA7EC300-12F5-4B80-B5DF-B7B71E344E24}"
EndProject
Project("{2150E333-8FDC-42A3-9474-1A3956D46DE8}") = "NodaTime", "NodaTime", "{505E6CF5-1BCD-4C18-BAE3-03C7872A7FBB}"
EndProject
Project("{2150E333-8FDC-42A3-9474-1A3956D46DE8}") = "AspNetCore", "AspNetCore", "{B64DB93D-C374-4F49-ADB9-8A398D14AE2E}"
EndProject
Project("{9A19103F-16F7-4668-BE54-9A1E7A4F7556}") = "Marten.AspNetCore", "Marten.AspNetCore\Marten.AspNetCore.csproj", "{ADD3C5F7-BAC9-4AB8-9E09-8D7A2EE17AD3}"
EndProject
Project("{9A19103F-16F7-4668-BE54-9A1E7A4F7556}") = "Marten.AspNetCore.Testing", "Marten.AspNetCore.Testing\Marten.AspNetCore.Testing.csproj", "{7CD2A84A-CD1B-44F5-AB94-ADE5D644AA86}"
EndProject
Project("{9A19103F-16F7-4668-BE54-9A1E7A4F7556}") = "IssueService", "IssueService\IssueService.csproj", "{B4F97F16-9FF3-4BC6-9B25-2FD2BD91F5E7}"
EndProject
Project("{9A19103F-16F7-4668-BE54-9A1E7A4F7556}") = "Marten.Testing.ThirdAssembly", "Marten.Testing.ThirdAssembly\Marten.Testing.ThirdAssembly.csproj", "{5897FB86-03BD-42EE-8FD0-808FD56DB0CA}"
EndProject
Project("{2150E333-8FDC-42A3-9474-1A3956D46DE8}") = "Testing", "Testing", "{91D87D73-EC07-4067-8A64-26A2E4F6BC83}"
	ProjectSection(SolutionItems) = preProject
		TestSetup.cs = TestSetup.cs
	EndProjectSection
EndProject
Project("{9A19103F-16F7-4668-BE54-9A1E7A4F7556}") = "CoreTests", "CoreTests\CoreTests.csproj", "{5D24D07B-BABC-41B0-A057-D7E914DB37E6}"
EndProject
Project("{9A19103F-16F7-4668-BE54-9A1E7A4F7556}") = "DocumentDbTests", "DocumentDbTests\DocumentDbTests.csproj", "{CE932887-AFB1-46BD-B5B6-4F96B92CB201}"
EndProject
Project("{9A19103F-16F7-4668-BE54-9A1E7A4F7556}") = "EventSourcingTests", "EventSourcingTests\EventSourcingTests.csproj", "{D8C569BD-A2A5-471B-9C00-18F5981FC552}"
EndProject
Project("{9A19103F-16F7-4668-BE54-9A1E7A4F7556}") = "EventStoreMigrations", "EventStoreMigrations\EventStoreMigrations.csproj", "{EB30BFF6-86EF-4053-B2BF-4D65CF76C874}"
EndProject
Project("{2150E333-8FDC-42A3-9474-1A3956D46DE8}") = "Samples", "Samples", "{79961196-DB50-4AD3-B749-D231799BCF2E}"
EndProject
Project("{9A19103F-16F7-4668-BE54-9A1E7A4F7556}") = "EventSourcingIntro", "samples\EventSourcingIntro\EventSourcingIntro.csproj", "{41FC568A-72A2-46A3-A2DA-4C85E4512090}"
EndProject
Project("{9A19103F-16F7-4668-BE54-9A1E7A4F7556}") = "LinqTests", "LinqTests\LinqTests.csproj", "{94EF979D-F2C0-4479-9D1D-63647042E915}"
EndProject
Project("{9A19103F-16F7-4668-BE54-9A1E7A4F7556}") = "PatchingTests", "PatchingTests\PatchingTests.csproj", "{EE82EFC4-FBC1-4181-9AB8-671222B60C3F}"
EndProject
Project("{9A19103F-16F7-4668-BE54-9A1E7A4F7556}") = "MultiTenancyTests", "MultiTenancyTests\MultiTenancyTests.csproj", "{34AE89FF-76B5-4B50-9190-4E7C602F5C2F}"
EndProject
Project("{2150E333-8FDC-42A3-9474-1A3956D46DE8}") = "OData", "OData", "{93FC8079-48C4-4D3B-8C17-3944A903674F}"
EndProject
Project("{FAE04EC0-301F-11D3-BF4B-00C04F79EFBC}") = "AspNetODataWithMarten", "AspNetODataWithMarten\AspNetODataWithMarten.csproj", "{93298A4C-2B88-4EF3-9FC8-6B2AEF52F628}"
EndProject
Project("{FAE04EC0-301F-11D3-BF4B-00C04F79EFBC}") = "DocSamples", "samples\DocSamples\DocSamples.csproj", "{364A165E-965E-4AFD-92AC-8447FB114C60}"
EndProject
Project("{F2A71F9B-5D33-465A-A702-920D77279786}") = "FSharpTypes", "FSharpTypes\FSharpTypes.fsproj", "{B1F935FC-55DC-418B-A5DC-6049A5C06871}"
EndProject
Project("{FAE04EC0-301F-11D3-BF4B-00C04F79EFBC}") = "LinqTestsTypes", "LinqTestsTypes\LinqTestsTypes.csproj", "{2B5A28C6-2369-4554-B131-C42907E8BA83}"
EndProject
Project("{FAE04EC0-301F-11D3-BF4B-00C04F79EFBC}") = "ValueTypeTests", "ValueTypeTests\ValueTypeTests.csproj", "{CABC0D08-208B-4EAD-A53F-ED60845F18D9}"
EndProject
Project("{2150E333-8FDC-42A3-9474-1A3956D46DE8}") = "Attached", "Attached", "{9BF39071-F6C8-4408-AA22-3789C33DA71C}"
EndProject
Project("{FAE04EC0-301F-11D3-BF4B-00C04F79EFBC}") = "JasperFx", "..\..\jasperfx\src\JasperFx\JasperFx.csproj", "{E5FDBA04-611E-490A-87A9-BB5FF6BF06C0}"
EndProject
Project("{FAE04EC0-301F-11D3-BF4B-00C04F79EFBC}") = "JasperFx.Events", "..\..\jasperfx\src\JasperFx.Events\JasperFx.Events.csproj", "{3D157E88-A0BD-472E-BDFE-148229125B0F}"
EndProject
Project("{FAE04EC0-301F-11D3-BF4B-00C04F79EFBC}") = "EventTests", "..\..\jasperfx\src\EventTests\EventTests.csproj", "{46C65A73-2739-4452-AD77-D88CE986CBC2}"
EndProject
Project("{FAE04EC0-301F-11D3-BF4B-00C04F79EFBC}") = "JasperFx.RuntimeCompiler", "..\..\jasperfx\src\JasperFx.RuntimeCompiler\JasperFx.RuntimeCompiler.csproj", "{2A53AC16-C34F-4433-9595-C4A6220DB04D}"
EndProject
Project("{FAE04EC0-301F-11D3-BF4B-00C04F79EFBC}") = "Weasel.Core", "..\..\weasel\src\Weasel.Core\Weasel.Core.csproj", "{03F348F0-CB39-42B9-8D31-AE97B7A69A60}"
EndProject
Project("{FAE04EC0-301F-11D3-BF4B-00C04F79EFBC}") = "Weasel.Postgresql", "..\..\weasel\src\Weasel.Postgresql\Weasel.Postgresql.csproj", "{38DBD051-7E4A-4572-AB0F-7EEFFEDE0B24}"
EndProject
Project("{FAE04EC0-301F-11D3-BF4B-00C04F79EFBC}") = "DaemonTests", "DaemonTests\DaemonTests.csproj", "{6DF238FD-E5D0-45DC-B8DE-5EEDE191850E}"
EndProject
Project("{FAE04EC0-301F-11D3-BF4B-00C04F79EFBC}") = "StressTests", "StressTests\StressTests.csproj", "{03CC8A34-5F73-46E5-A018-C116C138BFD9}"
EndProject
Project("{FAE04EC0-301F-11D3-BF4B-00C04F79EFBC}") = "ContainerScopedProjectionTests", "ContainerScopedProjectionTests\ContainerScopedProjectionTests.csproj", "{A192E730-7C5F-4D26-9A44-60E6FE73DBA8}"
EndProject
Project("{FAE04EC0-301F-11D3-BF4B-00C04F79EFBC}") = "Lamar", "..\..\lamar\src\Lamar\Lamar.csproj", "{8E3A26E3-2505-45BC-BC91-B26AC0B3BFFD}"
EndProject
Project("{FAE04EC0-301F-11D3-BF4B-00C04F79EFBC}") = "Lamar.Microsoft.DependencyInjection", "..\..\lamar\src\Lamar.Microsoft.DependencyInjection\Lamar.Microsoft.DependencyInjection.csproj", "{DEB973D5-D603-40D7-B387-67BA1D66893E}"
EndProject
Global
	GlobalSection(SolutionConfigurationPlatforms) = preSolution
		Debug|Any CPU = Debug|Any CPU
		Release|Any CPU = Release|Any CPU
	EndGlobalSection
	GlobalSection(ProjectConfigurationPlatforms) = postSolution
		{FCCA5D3A-B632-4D81-B839-F6344FDD01F1}.Debug|Any CPU.ActiveCfg = Debug|Any CPU
		{FCCA5D3A-B632-4D81-B839-F6344FDD01F1}.Debug|Any CPU.Build.0 = Debug|Any CPU
		{FCCA5D3A-B632-4D81-B839-F6344FDD01F1}.Release|Any CPU.ActiveCfg = Release|Any CPU
		{FCCA5D3A-B632-4D81-B839-F6344FDD01F1}.Release|Any CPU.Build.0 = Release|Any CPU
		{D5E592AD-5368-4E97-A3AC-6729FA43CB51}.Debug|Any CPU.ActiveCfg = Debug|Any CPU
		{D5E592AD-5368-4E97-A3AC-6729FA43CB51}.Debug|Any CPU.Build.0 = Debug|Any CPU
		{D5E592AD-5368-4E97-A3AC-6729FA43CB51}.Release|Any CPU.ActiveCfg = Release|Any CPU
		{D5E592AD-5368-4E97-A3AC-6729FA43CB51}.Release|Any CPU.Build.0 = Release|Any CPU
		{B88916DD-8CAF-42F8-BB40-7CE6C4E49491}.Debug|Any CPU.ActiveCfg = Debug|Any CPU
		{B88916DD-8CAF-42F8-BB40-7CE6C4E49491}.Debug|Any CPU.Build.0 = Debug|Any CPU
		{B88916DD-8CAF-42F8-BB40-7CE6C4E49491}.Release|Any CPU.ActiveCfg = Release|Any CPU
		{B88916DD-8CAF-42F8-BB40-7CE6C4E49491}.Release|Any CPU.Build.0 = Release|Any CPU
		{7B9552F4-9102-4A89-A150-C2F916CFF11E}.Debug|Any CPU.ActiveCfg = Debug|Any CPU
		{7B9552F4-9102-4A89-A150-C2F916CFF11E}.Debug|Any CPU.Build.0 = Debug|Any CPU
		{7B9552F4-9102-4A89-A150-C2F916CFF11E}.Release|Any CPU.ActiveCfg = Release|Any CPU
		{7B9552F4-9102-4A89-A150-C2F916CFF11E}.Release|Any CPU.Build.0 = Release|Any CPU
		{1B5F9030-63ED-49B2-B001-F58E899CCA5F}.Debug|Any CPU.ActiveCfg = Debug|Any CPU
		{1B5F9030-63ED-49B2-B001-F58E899CCA5F}.Debug|Any CPU.Build.0 = Debug|Any CPU
		{1B5F9030-63ED-49B2-B001-F58E899CCA5F}.Release|Any CPU.ActiveCfg = Release|Any CPU
		{1B5F9030-63ED-49B2-B001-F58E899CCA5F}.Release|Any CPU.Build.0 = Release|Any CPU
		{739B657C-4E0D-40E8-853E-ADF5C2D3D89D}.Debug|Any CPU.ActiveCfg = Debug|Any CPU
		{739B657C-4E0D-40E8-853E-ADF5C2D3D89D}.Debug|Any CPU.Build.0 = Debug|Any CPU
		{739B657C-4E0D-40E8-853E-ADF5C2D3D89D}.Release|Any CPU.ActiveCfg = Release|Any CPU
		{739B657C-4E0D-40E8-853E-ADF5C2D3D89D}.Release|Any CPU.Build.0 = Release|Any CPU
		{7825A721-7B23-4007-B6EA-8F6E9590F6FD}.Debug|Any CPU.ActiveCfg = Debug|Any CPU
		{7825A721-7B23-4007-B6EA-8F6E9590F6FD}.Debug|Any CPU.Build.0 = Debug|Any CPU
		{7825A721-7B23-4007-B6EA-8F6E9590F6FD}.Release|Any CPU.ActiveCfg = Release|Any CPU
		{7825A721-7B23-4007-B6EA-8F6E9590F6FD}.Release|Any CPU.Build.0 = Release|Any CPU
		{ADD3C5F7-BAC9-4AB8-9E09-8D7A2EE17AD3}.Debug|Any CPU.ActiveCfg = Debug|Any CPU
		{ADD3C5F7-BAC9-4AB8-9E09-8D7A2EE17AD3}.Debug|Any CPU.Build.0 = Debug|Any CPU
		{ADD3C5F7-BAC9-4AB8-9E09-8D7A2EE17AD3}.Release|Any CPU.ActiveCfg = Release|Any CPU
		{ADD3C5F7-BAC9-4AB8-9E09-8D7A2EE17AD3}.Release|Any CPU.Build.0 = Release|Any CPU
		{7CD2A84A-CD1B-44F5-AB94-ADE5D644AA86}.Debug|Any CPU.ActiveCfg = Debug|Any CPU
		{7CD2A84A-CD1B-44F5-AB94-ADE5D644AA86}.Debug|Any CPU.Build.0 = Debug|Any CPU
		{7CD2A84A-CD1B-44F5-AB94-ADE5D644AA86}.Release|Any CPU.ActiveCfg = Release|Any CPU
		{7CD2A84A-CD1B-44F5-AB94-ADE5D644AA86}.Release|Any CPU.Build.0 = Release|Any CPU
		{B4F97F16-9FF3-4BC6-9B25-2FD2BD91F5E7}.Debug|Any CPU.ActiveCfg = Debug|Any CPU
		{B4F97F16-9FF3-4BC6-9B25-2FD2BD91F5E7}.Debug|Any CPU.Build.0 = Debug|Any CPU
		{B4F97F16-9FF3-4BC6-9B25-2FD2BD91F5E7}.Release|Any CPU.ActiveCfg = Release|Any CPU
		{B4F97F16-9FF3-4BC6-9B25-2FD2BD91F5E7}.Release|Any CPU.Build.0 = Release|Any CPU
		{5897FB86-03BD-42EE-8FD0-808FD56DB0CA}.Debug|Any CPU.ActiveCfg = Debug|Any CPU
		{5897FB86-03BD-42EE-8FD0-808FD56DB0CA}.Debug|Any CPU.Build.0 = Debug|Any CPU
		{5897FB86-03BD-42EE-8FD0-808FD56DB0CA}.Release|Any CPU.ActiveCfg = Release|Any CPU
		{5897FB86-03BD-42EE-8FD0-808FD56DB0CA}.Release|Any CPU.Build.0 = Release|Any CPU
		{5D24D07B-BABC-41B0-A057-D7E914DB37E6}.Debug|Any CPU.ActiveCfg = Debug|Any CPU
		{5D24D07B-BABC-41B0-A057-D7E914DB37E6}.Debug|Any CPU.Build.0 = Debug|Any CPU
		{5D24D07B-BABC-41B0-A057-D7E914DB37E6}.Release|Any CPU.ActiveCfg = Release|Any CPU
		{5D24D07B-BABC-41B0-A057-D7E914DB37E6}.Release|Any CPU.Build.0 = Release|Any CPU
		{CE932887-AFB1-46BD-B5B6-4F96B92CB201}.Debug|Any CPU.ActiveCfg = Debug|Any CPU
		{CE932887-AFB1-46BD-B5B6-4F96B92CB201}.Debug|Any CPU.Build.0 = Debug|Any CPU
		{CE932887-AFB1-46BD-B5B6-4F96B92CB201}.Release|Any CPU.ActiveCfg = Release|Any CPU
		{CE932887-AFB1-46BD-B5B6-4F96B92CB201}.Release|Any CPU.Build.0 = Release|Any CPU
		{D8C569BD-A2A5-471B-9C00-18F5981FC552}.Debug|Any CPU.ActiveCfg = Debug|Any CPU
		{D8C569BD-A2A5-471B-9C00-18F5981FC552}.Debug|Any CPU.Build.0 = Debug|Any CPU
		{D8C569BD-A2A5-471B-9C00-18F5981FC552}.Release|Any CPU.ActiveCfg = Release|Any CPU
		{D8C569BD-A2A5-471B-9C00-18F5981FC552}.Release|Any CPU.Build.0 = Release|Any CPU
		{EB30BFF6-86EF-4053-B2BF-4D65CF76C874}.Debug|Any CPU.ActiveCfg = Debug|Any CPU
		{EB30BFF6-86EF-4053-B2BF-4D65CF76C874}.Debug|Any CPU.Build.0 = Debug|Any CPU
		{EB30BFF6-86EF-4053-B2BF-4D65CF76C874}.Release|Any CPU.ActiveCfg = Release|Any CPU
		{EB30BFF6-86EF-4053-B2BF-4D65CF76C874}.Release|Any CPU.Build.0 = Release|Any CPU
		{41FC568A-72A2-46A3-A2DA-4C85E4512090}.Debug|Any CPU.ActiveCfg = Debug|Any CPU
		{41FC568A-72A2-46A3-A2DA-4C85E4512090}.Debug|Any CPU.Build.0 = Debug|Any CPU
		{41FC568A-72A2-46A3-A2DA-4C85E4512090}.Release|Any CPU.ActiveCfg = Release|Any CPU
		{41FC568A-72A2-46A3-A2DA-4C85E4512090}.Release|Any CPU.Build.0 = Release|Any CPU
		{94EF979D-F2C0-4479-9D1D-63647042E915}.Debug|Any CPU.ActiveCfg = Debug|Any CPU
		{94EF979D-F2C0-4479-9D1D-63647042E915}.Debug|Any CPU.Build.0 = Debug|Any CPU
		{94EF979D-F2C0-4479-9D1D-63647042E915}.Release|Any CPU.ActiveCfg = Release|Any CPU
		{94EF979D-F2C0-4479-9D1D-63647042E915}.Release|Any CPU.Build.0 = Release|Any CPU
		{EE82EFC4-FBC1-4181-9AB8-671222B60C3F}.Debug|Any CPU.ActiveCfg = Debug|Any CPU
		{EE82EFC4-FBC1-4181-9AB8-671222B60C3F}.Debug|Any CPU.Build.0 = Debug|Any CPU
		{EE82EFC4-FBC1-4181-9AB8-671222B60C3F}.Release|Any CPU.ActiveCfg = Release|Any CPU
		{EE82EFC4-FBC1-4181-9AB8-671222B60C3F}.Release|Any CPU.Build.0 = Release|Any CPU
		{34AE89FF-76B5-4B50-9190-4E7C602F5C2F}.Debug|Any CPU.ActiveCfg = Debug|Any CPU
		{34AE89FF-76B5-4B50-9190-4E7C602F5C2F}.Debug|Any CPU.Build.0 = Debug|Any CPU
		{34AE89FF-76B5-4B50-9190-4E7C602F5C2F}.Release|Any CPU.ActiveCfg = Release|Any CPU
		{34AE89FF-76B5-4B50-9190-4E7C602F5C2F}.Release|Any CPU.Build.0 = Release|Any CPU
		{93298A4C-2B88-4EF3-9FC8-6B2AEF52F628}.Debug|Any CPU.ActiveCfg = Debug|Any CPU
		{93298A4C-2B88-4EF3-9FC8-6B2AEF52F628}.Debug|Any CPU.Build.0 = Debug|Any CPU
		{93298A4C-2B88-4EF3-9FC8-6B2AEF52F628}.Release|Any CPU.ActiveCfg = Release|Any CPU
		{93298A4C-2B88-4EF3-9FC8-6B2AEF52F628}.Release|Any CPU.Build.0 = Release|Any CPU
		{364A165E-965E-4AFD-92AC-8447FB114C60}.Debug|Any CPU.ActiveCfg = Debug|Any CPU
		{364A165E-965E-4AFD-92AC-8447FB114C60}.Debug|Any CPU.Build.0 = Debug|Any CPU
		{364A165E-965E-4AFD-92AC-8447FB114C60}.Release|Any CPU.ActiveCfg = Release|Any CPU
		{364A165E-965E-4AFD-92AC-8447FB114C60}.Release|Any CPU.Build.0 = Release|Any CPU
		{B1F935FC-55DC-418B-A5DC-6049A5C06871}.Debug|Any CPU.ActiveCfg = Debug|Any CPU
		{B1F935FC-55DC-418B-A5DC-6049A5C06871}.Debug|Any CPU.Build.0 = Debug|Any CPU
		{B1F935FC-55DC-418B-A5DC-6049A5C06871}.Release|Any CPU.ActiveCfg = Release|Any CPU
		{B1F935FC-55DC-418B-A5DC-6049A5C06871}.Release|Any CPU.Build.0 = Release|Any CPU
		{2B5A28C6-2369-4554-B131-C42907E8BA83}.Debug|Any CPU.ActiveCfg = Debug|Any CPU
		{2B5A28C6-2369-4554-B131-C42907E8BA83}.Debug|Any CPU.Build.0 = Debug|Any CPU
		{2B5A28C6-2369-4554-B131-C42907E8BA83}.Release|Any CPU.ActiveCfg = Release|Any CPU
		{2B5A28C6-2369-4554-B131-C42907E8BA83}.Release|Any CPU.Build.0 = Release|Any CPU
		{CABC0D08-208B-4EAD-A53F-ED60845F18D9}.Debug|Any CPU.ActiveCfg = Debug|Any CPU
		{CABC0D08-208B-4EAD-A53F-ED60845F18D9}.Debug|Any CPU.Build.0 = Debug|Any CPU
		{CABC0D08-208B-4EAD-A53F-ED60845F18D9}.Release|Any CPU.ActiveCfg = Release|Any CPU
		{CABC0D08-208B-4EAD-A53F-ED60845F18D9}.Release|Any CPU.Build.0 = Release|Any CPU
		{E5FDBA04-611E-490A-87A9-BB5FF6BF06C0}.Debug|Any CPU.ActiveCfg = Debug|Any CPU
		{E5FDBA04-611E-490A-87A9-BB5FF6BF06C0}.Debug|Any CPU.Build.0 = Debug|Any CPU
		{E5FDBA04-611E-490A-87A9-BB5FF6BF06C0}.Release|Any CPU.ActiveCfg = Release|Any CPU
		{E5FDBA04-611E-490A-87A9-BB5FF6BF06C0}.Release|Any CPU.Build.0 = Release|Any CPU
		{3D157E88-A0BD-472E-BDFE-148229125B0F}.Debug|Any CPU.ActiveCfg = Debug|Any CPU
		{3D157E88-A0BD-472E-BDFE-148229125B0F}.Debug|Any CPU.Build.0 = Debug|Any CPU
		{3D157E88-A0BD-472E-BDFE-148229125B0F}.Release|Any CPU.ActiveCfg = Release|Any CPU
		{3D157E88-A0BD-472E-BDFE-148229125B0F}.Release|Any CPU.Build.0 = Release|Any CPU
		{46C65A73-2739-4452-AD77-D88CE986CBC2}.Debug|Any CPU.ActiveCfg = Debug|Any CPU
		{46C65A73-2739-4452-AD77-D88CE986CBC2}.Debug|Any CPU.Build.0 = Debug|Any CPU
		{46C65A73-2739-4452-AD77-D88CE986CBC2}.Release|Any CPU.ActiveCfg = Release|Any CPU
		{46C65A73-2739-4452-AD77-D88CE986CBC2}.Release|Any CPU.Build.0 = Release|Any CPU
		{2A53AC16-C34F-4433-9595-C4A6220DB04D}.Debug|Any CPU.ActiveCfg = Debug|Any CPU
		{2A53AC16-C34F-4433-9595-C4A6220DB04D}.Debug|Any CPU.Build.0 = Debug|Any CPU
		{2A53AC16-C34F-4433-9595-C4A6220DB04D}.Release|Any CPU.ActiveCfg = Release|Any CPU
		{2A53AC16-C34F-4433-9595-C4A6220DB04D}.Release|Any CPU.Build.0 = Release|Any CPU
		{03F348F0-CB39-42B9-8D31-AE97B7A69A60}.Debug|Any CPU.ActiveCfg = Debug|Any CPU
		{03F348F0-CB39-42B9-8D31-AE97B7A69A60}.Debug|Any CPU.Build.0 = Debug|Any CPU
		{03F348F0-CB39-42B9-8D31-AE97B7A69A60}.Release|Any CPU.ActiveCfg = Release|Any CPU
		{03F348F0-CB39-42B9-8D31-AE97B7A69A60}.Release|Any CPU.Build.0 = Release|Any CPU
		{38DBD051-7E4A-4572-AB0F-7EEFFEDE0B24}.Debug|Any CPU.ActiveCfg = Debug|Any CPU
		{38DBD051-7E4A-4572-AB0F-7EEFFEDE0B24}.Debug|Any CPU.Build.0 = Debug|Any CPU
		{38DBD051-7E4A-4572-AB0F-7EEFFEDE0B24}.Release|Any CPU.ActiveCfg = Release|Any CPU
		{38DBD051-7E4A-4572-AB0F-7EEFFEDE0B24}.Release|Any CPU.Build.0 = Release|Any CPU
		{6DF238FD-E5D0-45DC-B8DE-5EEDE191850E}.Debug|Any CPU.ActiveCfg = Debug|Any CPU
		{6DF238FD-E5D0-45DC-B8DE-5EEDE191850E}.Debug|Any CPU.Build.0 = Debug|Any CPU
		{6DF238FD-E5D0-45DC-B8DE-5EEDE191850E}.Release|Any CPU.ActiveCfg = Release|Any CPU
		{6DF238FD-E5D0-45DC-B8DE-5EEDE191850E}.Release|Any CPU.Build.0 = Release|Any CPU
		{03CC8A34-5F73-46E5-A018-C116C138BFD9}.Debug|Any CPU.ActiveCfg = Debug|Any CPU
		{03CC8A34-5F73-46E5-A018-C116C138BFD9}.Debug|Any CPU.Build.0 = Debug|Any CPU
		{03CC8A34-5F73-46E5-A018-C116C138BFD9}.Release|Any CPU.ActiveCfg = Release|Any CPU
		{03CC8A34-5F73-46E5-A018-C116C138BFD9}.Release|Any CPU.Build.0 = Release|Any CPU
		{A192E730-7C5F-4D26-9A44-60E6FE73DBA8}.Debug|Any CPU.ActiveCfg = Debug|Any CPU
		{A192E730-7C5F-4D26-9A44-60E6FE73DBA8}.Debug|Any CPU.Build.0 = Debug|Any CPU
		{A192E730-7C5F-4D26-9A44-60E6FE73DBA8}.Release|Any CPU.ActiveCfg = Release|Any CPU
		{A192E730-7C5F-4D26-9A44-60E6FE73DBA8}.Release|Any CPU.Build.0 = Release|Any CPU
		{8E3A26E3-2505-45BC-BC91-B26AC0B3BFFD}.Debug|Any CPU.ActiveCfg = Debug|Any CPU
		{8E3A26E3-2505-45BC-BC91-B26AC0B3BFFD}.Debug|Any CPU.Build.0 = Debug|Any CPU
		{8E3A26E3-2505-45BC-BC91-B26AC0B3BFFD}.Release|Any CPU.ActiveCfg = Release|Any CPU
		{8E3A26E3-2505-45BC-BC91-B26AC0B3BFFD}.Release|Any CPU.Build.0 = Release|Any CPU
		{DEB973D5-D603-40D7-B387-67BA1D66893E}.Debug|Any CPU.ActiveCfg = Debug|Any CPU
		{DEB973D5-D603-40D7-B387-67BA1D66893E}.Debug|Any CPU.Build.0 = Debug|Any CPU
		{DEB973D5-D603-40D7-B387-67BA1D66893E}.Release|Any CPU.ActiveCfg = Release|Any CPU
		{DEB973D5-D603-40D7-B387-67BA1D66893E}.Release|Any CPU.Build.0 = Release|Any CPU
	EndGlobalSection
	GlobalSection(SolutionProperties) = preSolution
		HideSolutionNode = FALSE
	EndGlobalSection
	GlobalSection(NestedProjects) = preSolution
		{D5E592AD-5368-4E97-A3AC-6729FA43CB51} = {91D87D73-EC07-4067-8A64-26A2E4F6BC83}
		{B88916DD-8CAF-42F8-BB40-7CE6C4E49491} = {91D87D73-EC07-4067-8A64-26A2E4F6BC83}
		{7B9552F4-9102-4A89-A150-C2F916CFF11E} = {505E6CF5-1BCD-4C18-BAE3-03C7872A7FBB}
		{1B5F9030-63ED-49B2-B001-F58E899CCA5F} = {505E6CF5-1BCD-4C18-BAE3-03C7872A7FBB}
		{739B657C-4E0D-40E8-853E-ADF5C2D3D89D} = {79961196-DB50-4AD3-B749-D231799BCF2E}
		{ADD3C5F7-BAC9-4AB8-9E09-8D7A2EE17AD3} = {B64DB93D-C374-4F49-ADB9-8A398D14AE2E}
		{7CD2A84A-CD1B-44F5-AB94-ADE5D644AA86} = {B64DB93D-C374-4F49-ADB9-8A398D14AE2E}
		{B4F97F16-9FF3-4BC6-9B25-2FD2BD91F5E7} = {B64DB93D-C374-4F49-ADB9-8A398D14AE2E}
		{5897FB86-03BD-42EE-8FD0-808FD56DB0CA} = {91D87D73-EC07-4067-8A64-26A2E4F6BC83}
		{5D24D07B-BABC-41B0-A057-D7E914DB37E6} = {91D87D73-EC07-4067-8A64-26A2E4F6BC83}
		{CE932887-AFB1-46BD-B5B6-4F96B92CB201} = {91D87D73-EC07-4067-8A64-26A2E4F6BC83}
		{D8C569BD-A2A5-471B-9C00-18F5981FC552} = {91D87D73-EC07-4067-8A64-26A2E4F6BC83}
		{EB30BFF6-86EF-4053-B2BF-4D65CF76C874} = {DA7EC300-12F5-4B80-B5DF-B7B71E344E24}
		{41FC568A-72A2-46A3-A2DA-4C85E4512090} = {79961196-DB50-4AD3-B749-D231799BCF2E}
		{94EF979D-F2C0-4479-9D1D-63647042E915} = {91D87D73-EC07-4067-8A64-26A2E4F6BC83}
		{EE82EFC4-FBC1-4181-9AB8-671222B60C3F} = {91D87D73-EC07-4067-8A64-26A2E4F6BC83}
		{34AE89FF-76B5-4B50-9190-4E7C602F5C2F} = {91D87D73-EC07-4067-8A64-26A2E4F6BC83}
		{93FC8079-48C4-4D3B-8C17-3944A903674F} = {79961196-DB50-4AD3-B749-D231799BCF2E}
		{93298A4C-2B88-4EF3-9FC8-6B2AEF52F628} = {93FC8079-48C4-4D3B-8C17-3944A903674F}
		{364A165E-965E-4AFD-92AC-8447FB114C60} = {79961196-DB50-4AD3-B749-D231799BCF2E}
		{B1F935FC-55DC-418B-A5DC-6049A5C06871} = {91D87D73-EC07-4067-8A64-26A2E4F6BC83}
		{2B5A28C6-2369-4554-B131-C42907E8BA83} = {91D87D73-EC07-4067-8A64-26A2E4F6BC83}
		{CABC0D08-208B-4EAD-A53F-ED60845F18D9} = {91D87D73-EC07-4067-8A64-26A2E4F6BC83}
		{E5FDBA04-611E-490A-87A9-BB5FF6BF06C0} = {9BF39071-F6C8-4408-AA22-3789C33DA71C}
		{3D157E88-A0BD-472E-BDFE-148229125B0F} = {9BF39071-F6C8-4408-AA22-3789C33DA71C}
		{46C65A73-2739-4452-AD77-D88CE986CBC2} = {9BF39071-F6C8-4408-AA22-3789C33DA71C}
		{2A53AC16-C34F-4433-9595-C4A6220DB04D} = {9BF39071-F6C8-4408-AA22-3789C33DA71C}
		{03F348F0-CB39-42B9-8D31-AE97B7A69A60} = {9BF39071-F6C8-4408-AA22-3789C33DA71C}
		{38DBD051-7E4A-4572-AB0F-7EEFFEDE0B24} = {9BF39071-F6C8-4408-AA22-3789C33DA71C}
		{6DF238FD-E5D0-45DC-B8DE-5EEDE191850E} = {91D87D73-EC07-4067-8A64-26A2E4F6BC83}
		{03CC8A34-5F73-46E5-A018-C116C138BFD9} = {91D87D73-EC07-4067-8A64-26A2E4F6BC83}
		{A192E730-7C5F-4D26-9A44-60E6FE73DBA8} = {91D87D73-EC07-4067-8A64-26A2E4F6BC83}
		{8E3A26E3-2505-45BC-BC91-B26AC0B3BFFD} = {9BF39071-F6C8-4408-AA22-3789C33DA71C}
		{DEB973D5-D603-40D7-B387-67BA1D66893E} = {9BF39071-F6C8-4408-AA22-3789C33DA71C}
	EndGlobalSection
	GlobalSection(ExtensibilityGlobals) = postSolution
		SolutionGuid = {52B7158F-0A24-47D9-9CF7-3FA94170041A}
	EndGlobalSection
EndGlobal
