
Microsoft Visual Studio Solution File, Format Version 12.00
# Visual Studio Version 16
VisualStudioVersion = 16.0.30709.64
MinimumVisualStudioVersion = 10.0.40219.1
Project("{9A19103F-16F7-4668-BE54-9A1E7A4F7556}") = "Marten", "Marten\Marten.csproj", "{FCCA5D3A-B632-4D81-B839-F6344FDD01F1}"
EndProject
Project("{9A19103F-16F7-4668-BE54-9A1E7A4F7556}") = "Marten.Testing", "Marten.Testing\Marten.Testing.csproj", "{D5E592AD-5368-4E97-A3AC-6729FA43CB51}"
EndProject
Project("{9A19103F-16F7-4668-BE54-9A1E7A4F7556}") = "Marten.Testing.OtherAssembly", "Marten.Testing.OtherAssembly\Marten.Testing.OtherAssembly.csproj", "{B88916DD-8CAF-42F8-BB40-7CE6C4E49491}"
EndProject
Project("{9A19103F-16F7-4668-BE54-9A1E7A4F7556}") = "Marten.CommandLine", "Marten.CommandLine\Marten.CommandLine.csproj", "{8478E6CB-FE2E-4476-B4B5-60F61DA16D74}"
EndProject
Project("{9A19103F-16F7-4668-BE54-9A1E7A4F7556}") = "Marten.NodaTime", "Marten.NodaTime\Marten.NodaTime.csproj", "{7B9552F4-9102-4A89-A150-C2F916CFF11E}"
EndProject
Project("{9A19103F-16F7-4668-BE54-9A1E7A4F7556}") = "Marten.NodaTime.Testing", "Marten.NodaTime.Testing\Marten.NodaTime.Testing.csproj", "{1B5F9030-63ED-49B2-B001-F58E899CCA5F}"
EndProject
Project("{9A19103F-16F7-4668-BE54-9A1E7A4F7556}") = "MartenBenchmarks", "MartenBenchmarks\MartenBenchmarks.csproj", "{8F7354B7-AAAE-4DD0-AA86-805F50F7850D}"
EndProject
Project("{2150E333-8FDC-42A3-9474-1A3956D46DE8}") = "Solution Items", "Solution Items", "{5A91B8F9-52F8-4322-BE34-E3A281902BEC}"
	ProjectSection(SolutionItems) = preProject
		..\Directory.Build.props = ..\Directory.Build.props
		..\README.md = ..\README.md
		..\Analysis.Build.props = ..\Analysis.Build.props
		.editorconfig = .editorconfig
		..\docker-compose.yml = ..\docker-compose.yml
	EndProjectSection
EndProject
Project("{9A19103F-16F7-4668-BE54-9A1E7A4F7556}") = "AspNetCoreWithMarten", "AspNetCoreWithMarten\AspNetCoreWithMarten.csproj", "{739B657C-4E0D-40E8-853E-ADF5C2D3D89D}"
EndProject
Project("{FAE04EC0-301F-11D3-BF4B-00C04F79EFBC}") = "Marten.AsyncDaemon.Testing", "Marten.AsyncDaemon.Testing\Marten.AsyncDaemon.Testing.csproj", "{5F7D1952-24BB-4A60-8C45-DF1911097A4F}"
EndProject
Project("{FAE04EC0-301F-11D3-BF4B-00C04F79EFBC}") = "EventSourceWorker", "EventSourceWorker\EventSourceWorker.csproj", "{3688AF80-FB24-4C3C-95FD-A2AB4680CD67}"
EndProject
Project("{FAE04EC0-301F-11D3-BF4B-00C04F79EFBC}") = "EventPublisher", "EventPublisher\EventPublisher.csproj", "{BA27DA3D-74CA-4891-ADCE-889FA0C2D123}"
EndProject
Project("{FAE04EC0-301F-11D3-BF4B-00C04F79EFBC}") = "CommandLineRunner", "CommandLineRunner\CommandLineRunner.csproj", "{B297B011-B5D1-4B3C-8503-484A93F2F073}"
EndProject
Project("{FAE04EC0-301F-11D3-BF4B-00C04F79EFBC}") = "Marten.PLv8", "Marten.PLv8\Marten.PLv8.csproj", "{25357907-98A3-49E7-A4C9-E366EA56B364}"
EndProject
Project("{FAE04EC0-301F-11D3-BF4B-00C04F79EFBC}") = "Marten.PLv8.Testing", "Marten.PLv8.Testing\Marten.PLv8.Testing.csproj", "{8CBEFD7A-C757-43FE-A1C8-62FBE98178C8}"
EndProject
Project("{FAE04EC0-301F-11D3-BF4B-00C04F79EFBC}") = "MemoryUsageChecker", "MemoryUsageChecker\MemoryUsageChecker.csproj", "{7825A721-7B23-4007-B6EA-8F6E9590F6FD}"
EndProject
Project("{2150E333-8FDC-42A3-9474-1A3956D46DE8}") = "CommandLine", "CommandLine", "{DA7EC300-12F5-4B80-B5DF-B7B71E344E24}"
EndProject
Project("{2150E333-8FDC-42A3-9474-1A3956D46DE8}") = "PLv8", "PLv8", "{ADA0C720-8095-44CA-917B-BAC97DD85A96}"
EndProject
Project("{2150E333-8FDC-42A3-9474-1A3956D46DE8}") = "NodaTime", "NodaTime", "{505E6CF5-1BCD-4C18-BAE3-03C7872A7FBB}"
EndProject
Project("{2150E333-8FDC-42A3-9474-1A3956D46DE8}") = "AspNetCore", "AspNetCore", "{B64DB93D-C374-4F49-ADB9-8A398D14AE2E}"
EndProject
Project("{FAE04EC0-301F-11D3-BF4B-00C04F79EFBC}") = "Marten.AspNetCore", "Marten.AspNetCore\Marten.AspNetCore.csproj", "{ADD3C5F7-BAC9-4AB8-9E09-8D7A2EE17AD3}"
EndProject
Project("{FAE04EC0-301F-11D3-BF4B-00C04F79EFBC}") = "Marten.AspNetCore.Testing", "Marten.AspNetCore.Testing\Marten.AspNetCore.Testing.csproj", "{7CD2A84A-CD1B-44F5-AB94-ADE5D644AA86}"
EndProject
Project("{FAE04EC0-301F-11D3-BF4B-00C04F79EFBC}") = "IssueService", "IssueService\IssueService.csproj", "{B4F97F16-9FF3-4BC6-9B25-2FD2BD91F5E7}"
EndProject
Project("{FAE04EC0-301F-11D3-BF4B-00C04F79EFBC}") = "Marten.Testing.ThirdAssembly", "Marten.Testing.ThirdAssembly\Marten.Testing.ThirdAssembly.csproj", "{5897FB86-03BD-42EE-8FD0-808FD56DB0CA}"
EndProject
Project("{2150E333-8FDC-42A3-9474-1A3956D46DE8}") = "Testing", "Testing", "{91D87D73-EC07-4067-8A64-26A2E4F6BC83}"
	ProjectSection(SolutionItems) = preProject
		TestSetup.cs = TestSetup.cs
	EndProjectSection
EndProject
Project("{FAE04EC0-301F-11D3-BF4B-00C04F79EFBC}") = "CoreTests", "CoreTests\CoreTests.csproj", "{5D24D07B-BABC-41B0-A057-D7E914DB37E6}"
EndProject
Project("{FAE04EC0-301F-11D3-BF4B-00C04F79EFBC}") = "DocumentDbTests", "DocumentDbTests\DocumentDbTests.csproj", "{CE932887-AFB1-46BD-B5B6-4F96B92CB201}"
EndProject
Project("{FAE04EC0-301F-11D3-BF4B-00C04F79EFBC}") = "EventSourcingTests", "EventSourcingTests\EventSourcingTests.csproj", "{D8C569BD-A2A5-471B-9C00-18F5981FC552}"
EndProject
Project("{FAE04EC0-301F-11D3-BF4B-00C04F79EFBC}") = "MultiDatabaseCommandLineRunner", "MultiDatabaseCommandLineRunner\MultiDatabaseCommandLineRunner.csproj", "{29691E7B-2F1B-4F58-8B5E-AD58C5732D1F}"
EndProject
Project("{FAE04EC0-301F-11D3-BF4B-00C04F79EFBC}") = "EventStoreMigrations", "EventStoreMigrations\EventStoreMigrations.csproj", "{EB30BFF6-86EF-4053-B2BF-4D65CF76C874}"
EndProject
Project("{2150E333-8FDC-42A3-9474-1A3956D46DE8}") = "Samples", "Samples", "{79961196-DB50-4AD3-B749-D231799BCF2E}"
EndProject
Project("{FAE04EC0-301F-11D3-BF4B-00C04F79EFBC}") = "EventSourcingIntro", "samples\EventSourcingIntro\EventSourcingIntro.csproj", "{41FC568A-72A2-46A3-A2DA-4C85E4512090}"
EndProject
Project("{FAE04EC0-301F-11D3-BF4B-00C04F79EFBC}") = "MinimalAPI", "samples\MinimalAPI\MinimalAPI.csproj", "{7B710A53-373B-4A7D-B49E-53C15E6A8CA8}"
EndProject
Project("{FAE04EC0-301F-11D3-BF4B-00C04F79EFBC}") = "Marten.CommandLine.Tests", "Marten.CommandLine.Tests\Marten.CommandLine.Tests.csproj", "{0962E83F-482B-4316-A8AB-3B714EEEC3AA}"
EndProject
Project("{FAE04EC0-301F-11D3-BF4B-00C04F79EFBC}") = "LinqTests", "LinqTests\LinqTests.csproj", "{94EF979D-F2C0-4479-9D1D-63647042E915}"
EndProject
Global
	GlobalSection(SolutionConfigurationPlatforms) = preSolution
		Debug|Any CPU = Debug|Any CPU
		Release|Any CPU = Release|Any CPU
	EndGlobalSection
	GlobalSection(ProjectConfigurationPlatforms) = postSolution
		{FCCA5D3A-B632-4D81-B839-F6344FDD01F1}.Debug|Any CPU.ActiveCfg = Debug|Any CPU
		{FCCA5D3A-B632-4D81-B839-F6344FDD01F1}.Debug|Any CPU.Build.0 = Debug|Any CPU
		{FCCA5D3A-B632-4D81-B839-F6344FDD01F1}.Release|Any CPU.ActiveCfg = Release|Any CPU
		{FCCA5D3A-B632-4D81-B839-F6344FDD01F1}.Release|Any CPU.Build.0 = Release|Any CPU
		{D5E592AD-5368-4E97-A3AC-6729FA43CB51}.Debug|Any CPU.ActiveCfg = Debug|Any CPU
		{D5E592AD-5368-4E97-A3AC-6729FA43CB51}.Debug|Any CPU.Build.0 = Debug|Any CPU
		{D5E592AD-5368-4E97-A3AC-6729FA43CB51}.Release|Any CPU.ActiveCfg = Release|Any CPU
		{D5E592AD-5368-4E97-A3AC-6729FA43CB51}.Release|Any CPU.Build.0 = Release|Any CPU
		{B88916DD-8CAF-42F8-BB40-7CE6C4E49491}.Debug|Any CPU.ActiveCfg = Debug|Any CPU
		{B88916DD-8CAF-42F8-BB40-7CE6C4E49491}.Debug|Any CPU.Build.0 = Debug|Any CPU
		{B88916DD-8CAF-42F8-BB40-7CE6C4E49491}.Release|Any CPU.ActiveCfg = Release|Any CPU
		{B88916DD-8CAF-42F8-BB40-7CE6C4E49491}.Release|Any CPU.Build.0 = Release|Any CPU
		{8478E6CB-FE2E-4476-B4B5-60F61DA16D74}.Debug|Any CPU.ActiveCfg = Debug|Any CPU
		{8478E6CB-FE2E-4476-B4B5-60F61DA16D74}.Debug|Any CPU.Build.0 = Debug|Any CPU
		{8478E6CB-FE2E-4476-B4B5-60F61DA16D74}.Release|Any CPU.ActiveCfg = Release|Any CPU
		{8478E6CB-FE2E-4476-B4B5-60F61DA16D74}.Release|Any CPU.Build.0 = Release|Any CPU
		{7B9552F4-9102-4A89-A150-C2F916CFF11E}.Debug|Any CPU.ActiveCfg = Debug|Any CPU
		{7B9552F4-9102-4A89-A150-C2F916CFF11E}.Debug|Any CPU.Build.0 = Debug|Any CPU
		{7B9552F4-9102-4A89-A150-C2F916CFF11E}.Release|Any CPU.ActiveCfg = Release|Any CPU
		{7B9552F4-9102-4A89-A150-C2F916CFF11E}.Release|Any CPU.Build.0 = Release|Any CPU
		{1B5F9030-63ED-49B2-B001-F58E899CCA5F}.Debug|Any CPU.ActiveCfg = Debug|Any CPU
		{1B5F9030-63ED-49B2-B001-F58E899CCA5F}.Debug|Any CPU.Build.0 = Debug|Any CPU
		{1B5F9030-63ED-49B2-B001-F58E899CCA5F}.Release|Any CPU.ActiveCfg = Release|Any CPU
		{1B5F9030-63ED-49B2-B001-F58E899CCA5F}.Release|Any CPU.Build.0 = Release|Any CPU
		{8F7354B7-AAAE-4DD0-AA86-805F50F7850D}.Debug|Any CPU.ActiveCfg = Debug|Any CPU
		{8F7354B7-AAAE-4DD0-AA86-805F50F7850D}.Debug|Any CPU.Build.0 = Debug|Any CPU
		{8F7354B7-AAAE-4DD0-AA86-805F50F7850D}.Release|Any CPU.ActiveCfg = Release|Any CPU
		{8F7354B7-AAAE-4DD0-AA86-805F50F7850D}.Release|Any CPU.Build.0 = Release|Any CPU
		{739B657C-4E0D-40E8-853E-ADF5C2D3D89D}.Debug|Any CPU.ActiveCfg = Debug|Any CPU
		{739B657C-4E0D-40E8-853E-ADF5C2D3D89D}.Debug|Any CPU.Build.0 = Debug|Any CPU
		{739B657C-4E0D-40E8-853E-ADF5C2D3D89D}.Release|Any CPU.ActiveCfg = Release|Any CPU
		{739B657C-4E0D-40E8-853E-ADF5C2D3D89D}.Release|Any CPU.Build.0 = Release|Any CPU
		{5F7D1952-24BB-4A60-8C45-DF1911097A4F}.Debug|Any CPU.ActiveCfg = Debug|Any CPU
		{5F7D1952-24BB-4A60-8C45-DF1911097A4F}.Debug|Any CPU.Build.0 = Debug|Any CPU
		{5F7D1952-24BB-4A60-8C45-DF1911097A4F}.Release|Any CPU.ActiveCfg = Release|Any CPU
		{5F7D1952-24BB-4A60-8C45-DF1911097A4F}.Release|Any CPU.Build.0 = Release|Any CPU
		{3688AF80-FB24-4C3C-95FD-A2AB4680CD67}.Debug|Any CPU.ActiveCfg = Debug|Any CPU
		{3688AF80-FB24-4C3C-95FD-A2AB4680CD67}.Debug|Any CPU.Build.0 = Debug|Any CPU
		{3688AF80-FB24-4C3C-95FD-A2AB4680CD67}.Release|Any CPU.ActiveCfg = Release|Any CPU
		{3688AF80-FB24-4C3C-95FD-A2AB4680CD67}.Release|Any CPU.Build.0 = Release|Any CPU
		{BA27DA3D-74CA-4891-ADCE-889FA0C2D123}.Debug|Any CPU.ActiveCfg = Debug|Any CPU
		{BA27DA3D-74CA-4891-ADCE-889FA0C2D123}.Debug|Any CPU.Build.0 = Debug|Any CPU
		{BA27DA3D-74CA-4891-ADCE-889FA0C2D123}.Release|Any CPU.ActiveCfg = Release|Any CPU
		{BA27DA3D-74CA-4891-ADCE-889FA0C2D123}.Release|Any CPU.Build.0 = Release|Any CPU
		{B297B011-B5D1-4B3C-8503-484A93F2F073}.Debug|Any CPU.ActiveCfg = Debug|Any CPU
		{B297B011-B5D1-4B3C-8503-484A93F2F073}.Debug|Any CPU.Build.0 = Debug|Any CPU
		{B297B011-B5D1-4B3C-8503-484A93F2F073}.Release|Any CPU.ActiveCfg = Release|Any CPU
		{B297B011-B5D1-4B3C-8503-484A93F2F073}.Release|Any CPU.Build.0 = Release|Any CPU
		{25357907-98A3-49E7-A4C9-E366EA56B364}.Debug|Any CPU.ActiveCfg = Debug|Any CPU
		{25357907-98A3-49E7-A4C9-E366EA56B364}.Debug|Any CPU.Build.0 = Debug|Any CPU
		{25357907-98A3-49E7-A4C9-E366EA56B364}.Release|Any CPU.ActiveCfg = Release|Any CPU
		{25357907-98A3-49E7-A4C9-E366EA56B364}.Release|Any CPU.Build.0 = Release|Any CPU
		{8CBEFD7A-C757-43FE-A1C8-62FBE98178C8}.Debug|Any CPU.ActiveCfg = Debug|Any CPU
		{8CBEFD7A-C757-43FE-A1C8-62FBE98178C8}.Debug|Any CPU.Build.0 = Debug|Any CPU
		{8CBEFD7A-C757-43FE-A1C8-62FBE98178C8}.Release|Any CPU.ActiveCfg = Release|Any CPU
		{8CBEFD7A-C757-43FE-A1C8-62FBE98178C8}.Release|Any CPU.Build.0 = Release|Any CPU
		{7825A721-7B23-4007-B6EA-8F6E9590F6FD}.Debug|Any CPU.ActiveCfg = Debug|Any CPU
		{7825A721-7B23-4007-B6EA-8F6E9590F6FD}.Debug|Any CPU.Build.0 = Debug|Any CPU
		{7825A721-7B23-4007-B6EA-8F6E9590F6FD}.Release|Any CPU.ActiveCfg = Release|Any CPU
		{7825A721-7B23-4007-B6EA-8F6E9590F6FD}.Release|Any CPU.Build.0 = Release|Any CPU
		{ADD3C5F7-BAC9-4AB8-9E09-8D7A2EE17AD3}.Debug|Any CPU.ActiveCfg = Debug|Any CPU
		{ADD3C5F7-BAC9-4AB8-9E09-8D7A2EE17AD3}.Debug|Any CPU.Build.0 = Debug|Any CPU
		{ADD3C5F7-BAC9-4AB8-9E09-8D7A2EE17AD3}.Release|Any CPU.ActiveCfg = Release|Any CPU
		{ADD3C5F7-BAC9-4AB8-9E09-8D7A2EE17AD3}.Release|Any CPU.Build.0 = Release|Any CPU
		{7CD2A84A-CD1B-44F5-AB94-ADE5D644AA86}.Debug|Any CPU.ActiveCfg = Debug|Any CPU
		{7CD2A84A-CD1B-44F5-AB94-ADE5D644AA86}.Debug|Any CPU.Build.0 = Debug|Any CPU
		{7CD2A84A-CD1B-44F5-AB94-ADE5D644AA86}.Release|Any CPU.ActiveCfg = Release|Any CPU
		{7CD2A84A-CD1B-44F5-AB94-ADE5D644AA86}.Release|Any CPU.Build.0 = Release|Any CPU
		{B4F97F16-9FF3-4BC6-9B25-2FD2BD91F5E7}.Debug|Any CPU.ActiveCfg = Debug|Any CPU
		{B4F97F16-9FF3-4BC6-9B25-2FD2BD91F5E7}.Debug|Any CPU.Build.0 = Debug|Any CPU
		{B4F97F16-9FF3-4BC6-9B25-2FD2BD91F5E7}.Release|Any CPU.ActiveCfg = Release|Any CPU
		{B4F97F16-9FF3-4BC6-9B25-2FD2BD91F5E7}.Release|Any CPU.Build.0 = Release|Any CPU
		{5897FB86-03BD-42EE-8FD0-808FD56DB0CA}.Debug|Any CPU.ActiveCfg = Debug|Any CPU
		{5897FB86-03BD-42EE-8FD0-808FD56DB0CA}.Debug|Any CPU.Build.0 = Debug|Any CPU
		{5897FB86-03BD-42EE-8FD0-808FD56DB0CA}.Release|Any CPU.ActiveCfg = Release|Any CPU
		{5897FB86-03BD-42EE-8FD0-808FD56DB0CA}.Release|Any CPU.Build.0 = Release|Any CPU
		{5D24D07B-BABC-41B0-A057-D7E914DB37E6}.Debug|Any CPU.ActiveCfg = Debug|Any CPU
		{5D24D07B-BABC-41B0-A057-D7E914DB37E6}.Debug|Any CPU.Build.0 = Debug|Any CPU
		{5D24D07B-BABC-41B0-A057-D7E914DB37E6}.Release|Any CPU.ActiveCfg = Release|Any CPU
		{5D24D07B-BABC-41B0-A057-D7E914DB37E6}.Release|Any CPU.Build.0 = Release|Any CPU
		{CE932887-AFB1-46BD-B5B6-4F96B92CB201}.Debug|Any CPU.ActiveCfg = Debug|Any CPU
		{CE932887-AFB1-46BD-B5B6-4F96B92CB201}.Debug|Any CPU.Build.0 = Debug|Any CPU
		{CE932887-AFB1-46BD-B5B6-4F96B92CB201}.Release|Any CPU.ActiveCfg = Release|Any CPU
		{CE932887-AFB1-46BD-B5B6-4F96B92CB201}.Release|Any CPU.Build.0 = Release|Any CPU
		{D8C569BD-A2A5-471B-9C00-18F5981FC552}.Debug|Any CPU.ActiveCfg = Debug|Any CPU
		{D8C569BD-A2A5-471B-9C00-18F5981FC552}.Debug|Any CPU.Build.0 = Debug|Any CPU
		{D8C569BD-A2A5-471B-9C00-18F5981FC552}.Release|Any CPU.ActiveCfg = Release|Any CPU
		{D8C569BD-A2A5-471B-9C00-18F5981FC552}.Release|Any CPU.Build.0 = Release|Any CPU
		{29691E7B-2F1B-4F58-8B5E-AD58C5732D1F}.Debug|Any CPU.ActiveCfg = Debug|Any CPU
		{29691E7B-2F1B-4F58-8B5E-AD58C5732D1F}.Debug|Any CPU.Build.0 = Debug|Any CPU
		{29691E7B-2F1B-4F58-8B5E-AD58C5732D1F}.Release|Any CPU.ActiveCfg = Release|Any CPU
		{29691E7B-2F1B-4F58-8B5E-AD58C5732D1F}.Release|Any CPU.Build.0 = Release|Any CPU
		{EB30BFF6-86EF-4053-B2BF-4D65CF76C874}.Debug|Any CPU.ActiveCfg = Debug|Any CPU
		{EB30BFF6-86EF-4053-B2BF-4D65CF76C874}.Debug|Any CPU.Build.0 = Debug|Any CPU
		{EB30BFF6-86EF-4053-B2BF-4D65CF76C874}.Release|Any CPU.ActiveCfg = Release|Any CPU
		{EB30BFF6-86EF-4053-B2BF-4D65CF76C874}.Release|Any CPU.Build.0 = Release|Any CPU
		{41FC568A-72A2-46A3-A2DA-4C85E4512090}.Debug|Any CPU.ActiveCfg = Debug|Any CPU
		{41FC568A-72A2-46A3-A2DA-4C85E4512090}.Debug|Any CPU.Build.0 = Debug|Any CPU
		{41FC568A-72A2-46A3-A2DA-4C85E4512090}.Release|Any CPU.ActiveCfg = Release|Any CPU
		{41FC568A-72A2-46A3-A2DA-4C85E4512090}.Release|Any CPU.Build.0 = Release|Any CPU
		{7B710A53-373B-4A7D-B49E-53C15E6A8CA8}.Debug|Any CPU.ActiveCfg = Debug|Any CPU
		{7B710A53-373B-4A7D-B49E-53C15E6A8CA8}.Debug|Any CPU.Build.0 = Debug|Any CPU
		{7B710A53-373B-4A7D-B49E-53C15E6A8CA8}.Release|Any CPU.ActiveCfg = Release|Any CPU
		{7B710A53-373B-4A7D-B49E-53C15E6A8CA8}.Release|Any CPU.Build.0 = Release|Any CPU
		{0962E83F-482B-4316-A8AB-3B714EEEC3AA}.Debug|Any CPU.ActiveCfg = Debug|Any CPU
		{0962E83F-482B-4316-A8AB-3B714EEEC3AA}.Debug|Any CPU.Build.0 = Debug|Any CPU
		{0962E83F-482B-4316-A8AB-3B714EEEC3AA}.Release|Any CPU.ActiveCfg = Release|Any CPU
		{0962E83F-482B-4316-A8AB-3B714EEEC3AA}.Release|Any CPU.Build.0 = Release|Any CPU
		{94EF979D-F2C0-4479-9D1D-63647042E915}.Debug|Any CPU.ActiveCfg = Debug|Any CPU
		{94EF979D-F2C0-4479-9D1D-63647042E915}.Debug|Any CPU.Build.0 = Debug|Any CPU
		{94EF979D-F2C0-4479-9D1D-63647042E915}.Release|Any CPU.ActiveCfg = Release|Any CPU
		{94EF979D-F2C0-4479-9D1D-63647042E915}.Release|Any CPU.Build.0 = Release|Any CPU
	EndGlobalSection
	GlobalSection(SolutionProperties) = preSolution
		HideSolutionNode = FALSE
	EndGlobalSection
	GlobalSection(ExtensibilityGlobals) = postSolution
		SolutionGuid = {52B7158F-0A24-47D9-9CF7-3FA94170041A}
	EndGlobalSection
	GlobalSection(NestedProjects) = preSolution
		{8478E6CB-FE2E-4476-B4B5-60F61DA16D74} = {DA7EC300-12F5-4B80-B5DF-B7B71E344E24}
		{25357907-98A3-49E7-A4C9-E366EA56B364} = {ADA0C720-8095-44CA-917B-BAC97DD85A96}
		{8CBEFD7A-C757-43FE-A1C8-62FBE98178C8} = {ADA0C720-8095-44CA-917B-BAC97DD85A96}
		{7B9552F4-9102-4A89-A150-C2F916CFF11E} = {505E6CF5-1BCD-4C18-BAE3-03C7872A7FBB}
		{1B5F9030-63ED-49B2-B001-F58E899CCA5F} = {505E6CF5-1BCD-4C18-BAE3-03C7872A7FBB}
		{ADD3C5F7-BAC9-4AB8-9E09-8D7A2EE17AD3} = {B64DB93D-C374-4F49-ADB9-8A398D14AE2E}
		{7CD2A84A-CD1B-44F5-AB94-ADE5D644AA86} = {B64DB93D-C374-4F49-ADB9-8A398D14AE2E}
		{B4F97F16-9FF3-4BC6-9B25-2FD2BD91F5E7} = {B64DB93D-C374-4F49-ADB9-8A398D14AE2E}
		{B297B011-B5D1-4B3C-8503-484A93F2F073} = {DA7EC300-12F5-4B80-B5DF-B7B71E344E24}
		{5F7D1952-24BB-4A60-8C45-DF1911097A4F} = {91D87D73-EC07-4067-8A64-26A2E4F6BC83}
		{D5E592AD-5368-4E97-A3AC-6729FA43CB51} = {91D87D73-EC07-4067-8A64-26A2E4F6BC83}
		{B88916DD-8CAF-42F8-BB40-7CE6C4E49491} = {91D87D73-EC07-4067-8A64-26A2E4F6BC83}
		{5897FB86-03BD-42EE-8FD0-808FD56DB0CA} = {91D87D73-EC07-4067-8A64-26A2E4F6BC83}
		{5D24D07B-BABC-41B0-A057-D7E914DB37E6} = {91D87D73-EC07-4067-8A64-26A2E4F6BC83}
		{CE932887-AFB1-46BD-B5B6-4F96B92CB201} = {91D87D73-EC07-4067-8A64-26A2E4F6BC83}
		{D8C569BD-A2A5-471B-9C00-18F5981FC552} = {91D87D73-EC07-4067-8A64-26A2E4F6BC83}
		{29691E7B-2F1B-4F58-8B5E-AD58C5732D1F} = {DA7EC300-12F5-4B80-B5DF-B7B71E344E24}
		{EB30BFF6-86EF-4053-B2BF-4D65CF76C874} = {DA7EC300-12F5-4B80-B5DF-B7B71E344E24}
		{739B657C-4E0D-40E8-853E-ADF5C2D3D89D} = {79961196-DB50-4AD3-B749-D231799BCF2E}
		{BA27DA3D-74CA-4891-ADCE-889FA0C2D123} = {79961196-DB50-4AD3-B749-D231799BCF2E}
		{41FC568A-72A2-46A3-A2DA-4C85E4512090} = {79961196-DB50-4AD3-B749-D231799BCF2E}
		{3688AF80-FB24-4C3C-95FD-A2AB4680CD67} = {91D87D73-EC07-4067-8A64-26A2E4F6BC83}
		{7B710A53-373B-4A7D-B49E-53C15E6A8CA8} = {79961196-DB50-4AD3-B749-D231799BCF2E}
		{0962E83F-482B-4316-A8AB-3B714EEEC3AA} = {DA7EC300-12F5-4B80-B5DF-B7B71E344E24}
		{94EF979D-F2C0-4479-9D1D-63647042E915} = {91D87D73-EC07-4067-8A64-26A2E4F6BC83}
	EndGlobalSection
EndGlobal
